
Microsoft Visual Studio Solution File, Format Version 12.00
# Visual Studio 15
VisualStudioVersion = 15.0.27703.2000
MinimumVisualStudioVersion = 10.0.40219.1
Project("{FAE04EC0-301F-11D3-BF4B-00C04F79EFBC}") = "TokenAuthWithPG", "TokenAuthWithPG\TokenAuthWithPG.csproj", "{02BE99D4-5811-42B8-A381-4AC441C05BAE}"
EndProject
Global
	GlobalSection(SolutionConfigurationPlatforms) = preSolution
		Debug|Any CPU = Debug|Any CPU
		Release|Any CPU = Release|Any CPU
	EndGlobalSection
	GlobalSection(ProjectConfigurationPlatforms) = postSolution
		{02BE99D4-5811-42B8-A381-4AC441C05BAE}.Debug|Any CPU.ActiveCfg = Debug|Any CPU
		{02BE99D4-5811-42B8-A381-4AC441C05BAE}.Debug|Any CPU.Build.0 = Debug|Any CPU
		{02BE99D4-5811-42B8-A381-4AC441C05BAE}.Release|Any CPU.ActiveCfg = Release|Any CPU
		{02BE99D4-5811-42B8-A381-4AC441C05BAE}.Release|Any CPU.Build.0 = Release|Any CPU
	EndGlobalSection
	GlobalSection(SolutionProperties) = preSolution
		HideSolutionNode = FALSE
	EndGlobalSection
	GlobalSection(ExtensibilityGlobals) = postSolution
		SolutionGuid = {7AC061A6-F449-409B-BED9-51D74CC4E7BB}
	EndGlobalSection
EndGlobal
